
Microsoft Visual Studio Solution File, Format Version 12.00
# Visual Studio Version 16
VisualStudioVersion = 16.0.31025.194
MinimumVisualStudioVersion = 10.0.40219.1
Project("{FAE04EC0-301F-11D3-BF4B-00C04F79EFBC}") = "Mentoria", "Mentoria\Mentoria.csproj", "{55E253FB-4BD8-4F3B-8CD7-C567E0644198}"
EndProject
Global
	GlobalSection(SolutionConfigurationPlatforms) = preSolution
		Debug|Any CPU = Debug|Any CPU
		Release|Any CPU = Release|Any CPU
	EndGlobalSection
	GlobalSection(ProjectConfigurationPlatforms) = postSolution
		{55E253FB-4BD8-4F3B-8CD7-C567E0644198}.Debug|Any CPU.ActiveCfg = Debug|Any CPU
		{55E253FB-4BD8-4F3B-8CD7-C567E0644198}.Debug|Any CPU.Build.0 = Debug|Any CPU
		{55E253FB-4BD8-4F3B-8CD7-C567E0644198}.Release|Any CPU.ActiveCfg = Release|Any CPU
		{55E253FB-4BD8-4F3B-8CD7-C567E0644198}.Release|Any CPU.Build.0 = Release|Any CPU
	EndGlobalSection
	GlobalSection(SolutionProperties) = preSolution
		HideSolutionNode = FALSE
	EndGlobalSection
	GlobalSection(ExtensibilityGlobals) = postSolution
		SolutionGuid = {5277095A-B1DB-4729-9A71-E58BD29F6D25}
	EndGlobalSection
EndGlobal
